
Microsoft Visual Studio Solution File, Format Version 12.00
# Visual Studio 2012
Project("{FAE04EC0-301F-11D3-BF4B-00C04F79EFBC}") = "Client", "Client\Client.csproj", "{78999B69-9FB8-4FDC-9A63-D0BB6F8AF71C}"
EndProject
Global
	GlobalSection(SolutionConfigurationPlatforms) = preSolution
		Debug|Any CPU = Debug|Any CPU
		Release|Any CPU = Release|Any CPU
	EndGlobalSection
	GlobalSection(ProjectConfigurationPlatforms) = postSolution
		{78999B69-9FB8-4FDC-9A63-D0BB6F8AF71C}.Debug|Any CPU.ActiveCfg = Debug|Any CPU
		{78999B69-9FB8-4FDC-9A63-D0BB6F8AF71C}.Debug|Any CPU.Build.0 = Debug|Any CPU
		{78999B69-9FB8-4FDC-9A63-D0BB6F8AF71C}.Release|Any CPU.ActiveCfg = Release|Any CPU
		{78999B69-9FB8-4FDC-9A63-D0BB6F8AF71C}.Release|Any CPU.Build.0 = Release|Any CPU
	EndGlobalSection
	GlobalSection(SolutionProperties) = preSolution
		HideSolutionNode = FALSE
	EndGlobalSection
EndGlobal
