
Microsoft Visual Studio Solution File, Format Version 11.00
# Visual Studio 2010
Project("{FAE04EC0-301F-11D3-BF4B-00C04F79EFBC}") = "CloakedOctoWookie", "CloakedOctoWookie\CloakedOctoWookie.csproj", "{40E8EE00-AB53-4FCE-A6B2-A879D8185F49}"
EndProject
Global
	GlobalSection(SolutionConfigurationPlatforms) = preSolution
		Debug|Any CPU = Debug|Any CPU
		Release|Any CPU = Release|Any CPU
		Net45|Any CPU = Net45|Any CPU
		Net40|Any CPU = Net40|Any CPU
		MonoMac|Any CPU = MonoMac|Any CPU
		MonoTouch|Any CPU = MonoTouch|Any CPU
		MonoAndroid|Any CPU = MonoAndroid|Any CPU
	EndGlobalSection
	GlobalSection(ProjectConfigurationPlatforms) = postSolution
		{40E8EE00-AB53-4FCE-A6B2-A879D8185F49}.Debug|Any CPU.ActiveCfg = Net45|Any CPU
		{40E8EE00-AB53-4FCE-A6B2-A879D8185F49}.Debug|Any CPU.Build.0 = Net45|Any CPU
		{40E8EE00-AB53-4FCE-A6B2-A879D8185F49}.MonoAndroid|Any CPU.ActiveCfg = MonoAndroid|Any CPU
		{40E8EE00-AB53-4FCE-A6B2-A879D8185F49}.MonoAndroid|Any CPU.Build.0 = MonoAndroid|Any CPU
		{40E8EE00-AB53-4FCE-A6B2-A879D8185F49}.MonoMac|Any CPU.ActiveCfg = MonoMac|Any CPU
		{40E8EE00-AB53-4FCE-A6B2-A879D8185F49}.MonoMac|Any CPU.Build.0 = MonoMac|Any CPU
		{40E8EE00-AB53-4FCE-A6B2-A879D8185F49}.MonoTouch|Any CPU.ActiveCfg = MonoTouch|Any CPU
		{40E8EE00-AB53-4FCE-A6B2-A879D8185F49}.MonoTouch|Any CPU.Build.0 = MonoTouch|Any CPU
		{40E8EE00-AB53-4FCE-A6B2-A879D8185F49}.Net40|Any CPU.ActiveCfg = Net40|Any CPU
		{40E8EE00-AB53-4FCE-A6B2-A879D8185F49}.Net40|Any CPU.Build.0 = Net40|Any CPU
		{40E8EE00-AB53-4FCE-A6B2-A879D8185F49}.Net45|Any CPU.ActiveCfg = Net45|Any CPU
		{40E8EE00-AB53-4FCE-A6B2-A879D8185F49}.Net45|Any CPU.Build.0 = Net45|Any CPU
		{40E8EE00-AB53-4FCE-A6B2-A879D8185F49}.Release|Any CPU.ActiveCfg = Net45|Any CPU
		{40E8EE00-AB53-4FCE-A6B2-A879D8185F49}.Release|Any CPU.Build.0 = Net45|Any CPU
	EndGlobalSection
	GlobalSection(MonoDevelopProperties) = preSolution
		StartupItem = CloakedOctoWookie\CloakedOctoWookie.csproj
	EndGlobalSection
EndGlobal
